# This file was autogenerated by Stack.
# You should not edit this file by hand.
# For more information, please see the documentation at:
#   https://docs.haskellstack.org/en/stable/lock_files

packages:
- completed:
    hackage: servant-util-beam-pg-0.4.1@sha256:8d43599e8a3bc8835ae9d199ca601123b31c149c8e31b1f77e48c6397a7a622b,4663
    pantry-tree:
      sha256: 764441cff8e56247f296d6e301105d681c3318cd379c5dbc072e25bccbc7559b
      size: 733
  original:
    hackage: servant-util-beam-pg-0.4.1@sha256:8d43599e8a3bc8835ae9d199ca601123b31c149c8e31b1f77e48c6397a7a622b,4663
- completed:
    hackage: servant-util-0.4@sha256:b7e8e35c8e3258fc1f4e3880b428884925b3e303259bd324cac50b4c0824caaf,7501
    pantry-tree:
      sha256: 81f06a1d587e20320f1375c1e83e3c491d969ef5019f0cb262bddfb4449eaae1
      size: 4333
  original:
    hackage: servant-util-0.4@sha256:b7e8e35c8e3258fc1f4e3880b428884925b3e303259bd324cac50b4c0824caaf,7501
- completed:
    hackage: text-format-0.3.2.1@sha256:557b3723dfdd28d015846b143cb7b63817110c724b06fce422d9b4272d96bba7,1865
    pantry-tree:
      sha256: cc663e9b0e02f528b35f600f9a295c22efae4dcf6b3a0c03783cfd72972982ee
      size: 1030
  original:
    hackage: text-format-0.3.2.1@sha256:557b3723dfdd28d015846b143cb7b63817110c724b06fce422d9b4272d96bba7,1865
snapshots:
- completed:
    sha256: e019cd29e3f7f9dbad500225829a3f7a50f73c674614f2f452e21bb8bf5d99ea
    size: 650253
    url: https://raw.githubusercontent.com/commercialhaskell/stackage-snapshots/master/lts/20/24.yaml
  original:
    url: https://raw.githubusercontent.com/commercialhaskell/stackage-snapshots/master/lts/20/24.yaml
